
Microsoft Visual Studio Solution File, Format Version 12.00
# Visual Studio 14
VisualStudioVersion = 14.0.24720.0
MinimumVisualStudioVersion = 10.0.40219.1
Project("{2150E333-8FDC-42A3-9474-1A3956D46DE8}") = "01.RefDll", "01.RefDll", "{182C6491-6289-4431-BE3C-06FC0F403937}"
EndProject
Project("{2150E333-8FDC-42A3-9474-1A3956D46DE8}") = "02.Tcent.EOrder", "02.Tcent.EOrder", "{982CF903-6A92-437C-B4B6-B3DDF83833D6}"
EndProject
Project("{2150E333-8FDC-42A3-9474-1A3956D46DE8}") = "01.Tcent.Presentation", "01.Tcent.Presentation", "{31B8DD19-DA35-4F57-B36C-07A9A0FFD2B8}"
EndProject
Project("{2150E333-8FDC-42A3-9474-1A3956D46DE8}") = "02.Tcent.Library", "02.Tcent.Library", "{DAFD33B2-83CB-43C7-82E1-507295A3391B}"
EndProject
Project("{2150E333-8FDC-42A3-9474-1A3956D46DE8}") = "03.Tcent.IDao", "03.Tcent.IDao", "{473F13BC-7E73-44C6-B0BD-F0C2C65313B1}"
EndProject
Project("{2150E333-8FDC-42A3-9474-1A3956D46DE8}") = "04.Tcent.DaoImpl", "04.Tcent.DaoImpl", "{5DAE15D8-6021-46F5-AF0E-5CEB0518455F}"
EndProject
Project("{2150E333-8FDC-42A3-9474-1A3956D46DE8}") = "05.Tcent.UnitTests", "05.Tcent.UnitTests", "{7A7B7AB0-235A-4AE9-BDC9-70D84015B38D}"
EndProject
Project("{FAE04EC0-301F-11D3-BF4B-00C04F79EFBC}") = "Tcent.Api.Web", "02.Project\Tcent.Presentation\Tcent.Api.Web\Tcent.Api.Web.csproj", "{4DDC6C9B-0A69-43D0-BE2C-A510986CD406}"
	ProjectSection(ProjectDependencies) = postProject
		{BE97AD69-7CB7-4F6F-B809-2216AA0D0812} = {BE97AD69-7CB7-4F6F-B809-2216AA0D0812}
		{8DB673AA-9E5D-4F16-9119-71083EB16525} = {8DB673AA-9E5D-4F16-9119-71083EB16525}
		{AECD46F0-6F6F-4FBE-A058-EB03A036C16E} = {AECD46F0-6F6F-4FBE-A058-EB03A036C16E}
	EndProjectSection
EndProject
Project("{FAE04EC0-301F-11D3-BF4B-00C04F79EFBC}") = "Tcent.Common", "02.Project\Tcent.Library\Tcent.Common\Tcent.Common.csproj", "{AECD46F0-6F6F-4FBE-A058-EB03A036C16E}"
	ProjectSection(ProjectDependencies) = postProject
		{8DB673AA-9E5D-4F16-9119-71083EB16525} = {8DB673AA-9E5D-4F16-9119-71083EB16525}
	EndProjectSection
EndProject
Project("{FAE04EC0-301F-11D3-BF4B-00C04F79EFBC}") = "Tcent.Domain", "02.Project\Tcent.Library\Tcent.Domain\Tcent.Domain.csproj", "{668A804C-3FF4-473D-9B3D-0301805F480C}"
	ProjectSection(ProjectDependencies) = postProject
		{97DBFD5E-B97F-49B8-8BA9-E6316E927725} = {97DBFD5E-B97F-49B8-8BA9-E6316E927725}
		{BE97AD69-7CB7-4F6F-B809-2216AA0D0812} = {BE97AD69-7CB7-4F6F-B809-2216AA0D0812}
		{4DDC6C9B-0A69-43D0-BE2C-A510986CD406} = {4DDC6C9B-0A69-43D0-BE2C-A510986CD406}
		{8DB673AA-9E5D-4F16-9119-71083EB16525} = {8DB673AA-9E5D-4F16-9119-71083EB16525}
		{AECD46F0-6F6F-4FBE-A058-EB03A036C16E} = {AECD46F0-6F6F-4FBE-A058-EB03A036C16E}
	EndProjectSection
EndProject
Project("{FAE04EC0-301F-11D3-BF4B-00C04F79EFBC}") = "Tcent.IBase", "02.Project\Tcent.IDao\Tcent.IBase\Tcent.IBase.csproj", "{8DB673AA-9E5D-4F16-9119-71083EB16525}"
EndProject
Project("{FAE04EC0-301F-11D3-BF4B-00C04F79EFBC}") = "Tcent.BaseImpl", "02.Project\Tcent.DaoImpl\Tcent.BaseImpl\Tcent.BaseImpl.csproj", "{BE97AD69-7CB7-4F6F-B809-2216AA0D0812}"
	ProjectSection(ProjectDependencies) = postProject
		{8DB673AA-9E5D-4F16-9119-71083EB16525} = {8DB673AA-9E5D-4F16-9119-71083EB16525}
		{AECD46F0-6F6F-4FBE-A058-EB03A036C16E} = {AECD46F0-6F6F-4FBE-A058-EB03A036C16E}
	EndProjectSection
EndProject
Project("{FAE04EC0-301F-11D3-BF4B-00C04F79EFBC}") = "Tcent.Api.Web.Tests", "02.Project\Tcent.Api.Web.Tests\Tcent.Api.Web.Tests.csproj", "{97DBFD5E-B97F-49B8-8BA9-E6316E927725}"
EndProject
Project("{FAE04EC0-301F-11D3-BF4B-00C04F79EFBC}") = "Tcent.DaoCore", "02.Project\Tcent.DaoImpl\Tcent.DaoCore\Tcent.DaoCore.csproj", "{5112F56F-460D-4319-BC0D-857AEF8DD0A5}"
EndProject
Global
	GlobalSection(SolutionConfigurationPlatforms) = preSolution
		Debug|Any CPU = Debug|Any CPU
		Release|Any CPU = Release|Any CPU
	EndGlobalSection
	GlobalSection(ProjectConfigurationPlatforms) = postSolution
		{4DDC6C9B-0A69-43D0-BE2C-A510986CD406}.Debug|Any CPU.ActiveCfg = Debug|Any CPU
		{4DDC6C9B-0A69-43D0-BE2C-A510986CD406}.Debug|Any CPU.Build.0 = Debug|Any CPU
		{4DDC6C9B-0A69-43D0-BE2C-A510986CD406}.Release|Any CPU.ActiveCfg = Release|Any CPU
		{4DDC6C9B-0A69-43D0-BE2C-A510986CD406}.Release|Any CPU.Build.0 = Release|Any CPU
		{AECD46F0-6F6F-4FBE-A058-EB03A036C16E}.Debug|Any CPU.ActiveCfg = Debug|Any CPU
		{AECD46F0-6F6F-4FBE-A058-EB03A036C16E}.Debug|Any CPU.Build.0 = Debug|Any CPU
		{AECD46F0-6F6F-4FBE-A058-EB03A036C16E}.Release|Any CPU.ActiveCfg = Release|Any CPU
		{AECD46F0-6F6F-4FBE-A058-EB03A036C16E}.Release|Any CPU.Build.0 = Release|Any CPU
		{668A804C-3FF4-473D-9B3D-0301805F480C}.Debug|Any CPU.ActiveCfg = Debug|Any CPU
		{668A804C-3FF4-473D-9B3D-0301805F480C}.Debug|Any CPU.Build.0 = Debug|Any CPU
		{668A804C-3FF4-473D-9B3D-0301805F480C}.Release|Any CPU.ActiveCfg = Release|Any CPU
		{668A804C-3FF4-473D-9B3D-0301805F480C}.Release|Any CPU.Build.0 = Release|Any CPU
		{8DB673AA-9E5D-4F16-9119-71083EB16525}.Debug|Any CPU.ActiveCfg = Debug|Any CPU
		{8DB673AA-9E5D-4F16-9119-71083EB16525}.Debug|Any CPU.Build.0 = Debug|Any CPU
		{8DB673AA-9E5D-4F16-9119-71083EB16525}.Release|Any CPU.ActiveCfg = Release|Any CPU
		{8DB673AA-9E5D-4F16-9119-71083EB16525}.Release|Any CPU.Build.0 = Release|Any CPU
		{BE97AD69-7CB7-4F6F-B809-2216AA0D0812}.Debug|Any CPU.ActiveCfg = Debug|Any CPU
		{BE97AD69-7CB7-4F6F-B809-2216AA0D0812}.Debug|Any CPU.Build.0 = Debug|Any CPU
		{BE97AD69-7CB7-4F6F-B809-2216AA0D0812}.Release|Any CPU.ActiveCfg = Release|Any CPU
		{BE97AD69-7CB7-4F6F-B809-2216AA0D0812}.Release|Any CPU.Build.0 = Release|Any CPU
		{97DBFD5E-B97F-49B8-8BA9-E6316E927725}.Debug|Any CPU.ActiveCfg = Debug|Any CPU
		{97DBFD5E-B97F-49B8-8BA9-E6316E927725}.Debug|Any CPU.Build.0 = Debug|Any CPU
		{97DBFD5E-B97F-49B8-8BA9-E6316E927725}.Release|Any CPU.ActiveCfg = Release|Any CPU
		{97DBFD5E-B97F-49B8-8BA9-E6316E927725}.Release|Any CPU.Build.0 = Release|Any CPU
		{5112F56F-460D-4319-BC0D-857AEF8DD0A5}.Debug|Any CPU.ActiveCfg = Debug|Any CPU
		{5112F56F-460D-4319-BC0D-857AEF8DD0A5}.Debug|Any CPU.Build.0 = Debug|Any CPU
		{5112F56F-460D-4319-BC0D-857AEF8DD0A5}.Release|Any CPU.ActiveCfg = Release|Any CPU
		{5112F56F-460D-4319-BC0D-857AEF8DD0A5}.Release|Any CPU.Build.0 = Release|Any CPU
	EndGlobalSection
	GlobalSection(SolutionProperties) = preSolution
		HideSolutionNode = FALSE
	EndGlobalSection
	GlobalSection(NestedProjects) = preSolution
		{31B8DD19-DA35-4F57-B36C-07A9A0FFD2B8} = {982CF903-6A92-437C-B4B6-B3DDF83833D6}
		{DAFD33B2-83CB-43C7-82E1-507295A3391B} = {982CF903-6A92-437C-B4B6-B3DDF83833D6}
		{473F13BC-7E73-44C6-B0BD-F0C2C65313B1} = {982CF903-6A92-437C-B4B6-B3DDF83833D6}
		{5DAE15D8-6021-46F5-AF0E-5CEB0518455F} = {982CF903-6A92-437C-B4B6-B3DDF83833D6}
		{7A7B7AB0-235A-4AE9-BDC9-70D84015B38D} = {982CF903-6A92-437C-B4B6-B3DDF83833D6}
		{4DDC6C9B-0A69-43D0-BE2C-A510986CD406} = {31B8DD19-DA35-4F57-B36C-07A9A0FFD2B8}
		{AECD46F0-6F6F-4FBE-A058-EB03A036C16E} = {DAFD33B2-83CB-43C7-82E1-507295A3391B}
		{668A804C-3FF4-473D-9B3D-0301805F480C} = {DAFD33B2-83CB-43C7-82E1-507295A3391B}
		{8DB673AA-9E5D-4F16-9119-71083EB16525} = {473F13BC-7E73-44C6-B0BD-F0C2C65313B1}
		{BE97AD69-7CB7-4F6F-B809-2216AA0D0812} = {5DAE15D8-6021-46F5-AF0E-5CEB0518455F}
		{97DBFD5E-B97F-49B8-8BA9-E6316E927725} = {7A7B7AB0-235A-4AE9-BDC9-70D84015B38D}
		{5112F56F-460D-4319-BC0D-857AEF8DD0A5} = {5DAE15D8-6021-46F5-AF0E-5CEB0518455F}
	EndGlobalSection
	GlobalSection(ExtensibilityGlobals) = postSolution
		VisualSVNWorkingCopyRoot = .
	EndGlobalSection
EndGlobal
